// !$*UTF8*$!
{
	archiveVersion = 1;
	classes = {
	};
	objectVersion = 46;
	objects = {

/* Begin PBXBuildFile section */
		5D1587031E1F65430098C8A9 /* main.m in Sources */ = {isa = PBXBuildFile; fileRef = 5D1587021E1F65430098C8A9 /* main.m */; };
		5D1587061E1F65430098C8A9 /* AppDelegate.m in Sources */ = {isa = PBXBuildFile; fileRef = 5D1587051E1F65430098C8A9 /* AppDelegate.m */; };
		5D1587091E1F65430098C8A9 /* ViewController.m in Sources */ = {isa = PBXBuildFile; fileRef = 5D1587081E1F65430098C8A9 /* ViewController.m */; };
		5D15870C1E1F65430098C8A9 /* Main.storyboard in Resources */ = {isa = PBXBuildFile; fileRef = 5D15870A1E1F65430098C8A9 /* Main.storyboard */; };
		5D15870E1E1F65430098C8A9 /* Assets.xcassets in Resources */ = {isa = PBXBuildFile; fileRef = 5D15870D1E1F65430098C8A9 /* Assets.xcassets */; };
		5D1587111E1F65430098C8A9 /* LaunchScreen.storyboard in Resources */ = {isa = PBXBuildFile; fileRef = 5D15870F1E1F65430098C8A9 /* LaunchScreen.storyboard */; };
		5D6BE27B1E21D58300A1F2B8 /* UIViewController+UE.m in Sources */ = {isa = PBXBuildFile; fileRef = 5D6BE27A1E21D58300A1F2B8 /* UIViewController+UE.m */; };
		5D6BE2921E21D71E00A1F2B8 /* CALayer+Ex.m in Sources */ = {isa = PBXBuildFile; fileRef = 5D6BE27E1E21D71E00A1F2B8 /* CALayer+Ex.m */; };
		5D6BE2941E21D71E00A1F2B8 /* NSNumber+YYAdd.m in Sources */ = {isa = PBXBuildFile; fileRef = 5D6BE2831E21D71E00A1F2B8 /* NSNumber+YYAdd.m */; };
		5D6BE2951E21D71E00A1F2B8 /* NSObject+Extension.m in Sources */ = {isa = PBXBuildFile; fileRef = 5D6BE2851E21D71E00A1F2B8 /* NSObject+Extension.m */; };
		5D6BE2961E21D71E00A1F2B8 /* NSString+YYAdd.m in Sources */ = {isa = PBXBuildFile; fileRef = 5D6BE2871E21D71E00A1F2B8 /* NSString+YYAdd.m */; };
		5D6BE2971E21D71E00A1F2B8 /* UIColor+Helper.m in Sources */ = {isa = PBXBuildFile; fileRef = 5D6BE2891E21D71E00A1F2B8 /* UIColor+Helper.m */; };
		5D6BE2981E21D71E00A1F2B8 /* UIDevice+YYAdd.m in Sources */ = {isa = PBXBuildFile; fileRef = 5D6BE28B1E21D71E00A1F2B8 /* UIDevice+YYAdd.m */; };
		5D6BE2991E21D71E00A1F2B8 /* UIImage+Fit.m in Sources */ = {isa = PBXBuildFile; fileRef = 5D6BE28D1E21D71E00A1F2B8 /* UIImage+Fit.m */; };
		5D6BE29A1E21D71E00A1F2B8 /* UIView+YYAdd.m in Sources */ = {isa = PBXBuildFile; fileRef = 5D6BE28F1E21D71E00A1F2B8 /* UIView+YYAdd.m */; };
		5D6BE29B1E21D71E00A1F2B8 /* UIViewExt.m in Sources */ = {isa = PBXBuildFile; fileRef = 5D6BE2911E21D71E00A1F2B8 /* UIViewExt.m */; };
		A30265FF1E25380E00DC4645 /* UIColor+Random.m in Sources */ = {isa = PBXBuildFile; fileRef = A30265FC1E25380E00DC4645 /* UIColor+Random.m */; };
		A30266001E25380E00DC4645 /* UIImage+WZ.m in Sources */ = {isa = PBXBuildFile; fileRef = A30265FE1E25380E00DC4645 /* UIImage+WZ.m */; };
		A302662F1E2B27B100DC4645 /* VBBlueToothManager.m in Sources */ = {isa = PBXBuildFile; fileRef = A30266271E2B27B100DC4645 /* VBBlueToothManager.m */; };
		A30266301E2B27B100DC4645 /* VBScoketManager.m in Sources */ = {isa = PBXBuildFile; fileRef = A302662A1E2B27B100DC4645 /* VBScoketManager.m */; };
		A30266311E2B27B100DC4645 /* VBSocketSDK.m in Sources */ = {isa = PBXBuildFile; fileRef = A302662C1E2B27B100DC4645 /* VBSocketSDK.m */; };
		A30266321E2B27B100DC4645 /* VBSocketService.m in Sources */ = {isa = PBXBuildFile; fileRef = A302662E1E2B27B100DC4645 /* VBSocketService.m */; };
		A30266351E2B28F500DC4645 /* VoiceTabBarViewController.m in Sources */ = {isa = PBXBuildFile; fileRef = A30266341E2B28F500DC4645 /* VoiceTabBarViewController.m */; };
		A30266391E2B2C3700DC4645 /* ButtonsViewController.m in Sources */ = {isa = PBXBuildFile; fileRef = A30266381E2B2C3700DC4645 /* ButtonsViewController.m */; };
		A302663C1E2B2C4D00DC4645 /* SettingsViewController.m in Sources */ = {isa = PBXBuildFile; fileRef = A302663B1E2B2C4D00DC4645 /* SettingsViewController.m */; };
		A302664E1E2B3E7100DC4645 /* Creat_New_Button_Page.png in Resources */ = {isa = PBXBuildFile; fileRef = A302663E1E2B3E7100DC4645 /* Creat_New_Button_Page.png */; };
		A302664F1E2B3E7100DC4645 /* Kaki button - Button BG .jpg in Resources */ = {isa = PBXBuildFile; fileRef = A302663F1E2B3E7100DC4645 /* Kaki button - Button BG .jpg */; };
		A30266501E2B3E7100DC4645 /* menu1-1_u90.png in Resources */ = {isa = PBXBuildFile; fileRef = A30266401E2B3E7100DC4645 /* menu1-1_u90.png */; };
		A30266511E2B3E7100DC4645 /* menu1-2_u92.png in Resources */ = {isa = PBXBuildFile; fileRef = A30266411E2B3E7100DC4645 /* menu1-2_u92.png */; };
		A30266521E2B3E7100DC4645 /* newvoicemessage_u49.png in Resources */ = {isa = PBXBuildFile; fileRef = A30266421E2B3E7100DC4645 /* newvoicemessage_u49.png */; };
		A30266531E2B3E7100DC4645 /* speaker5_u53.png in Resources */ = {isa = PBXBuildFile; fileRef = A30266431E2B3E7100DC4645 /* speaker5_u53.png */; };
		A30266541E2B3E7100DC4645 /* u141.png in Resources */ = {isa = PBXBuildFile; fileRef = A30266441E2B3E7100DC4645 /* u141.png */; };
		A30266551E2B3E7100DC4645 /* u143.png in Resources */ = {isa = PBXBuildFile; fileRef = A30266451E2B3E7100DC4645 /* u143.png */; };
		A30266561E2B3E7100DC4645 /* u145.png in Resources */ = {isa = PBXBuildFile; fileRef = A30266461E2B3E7100DC4645 /* u145.png */; };
		A30266571E2B3E7100DC4645 /* u159.png in Resources */ = {isa = PBXBuildFile; fileRef = A30266471E2B3E7100DC4645 /* u159.png */; };
		A30266581E2B3E7100DC4645 /* u161.png in Resources */ = {isa = PBXBuildFile; fileRef = A30266481E2B3E7100DC4645 /* u161.png */; };
		A30266591E2B3E7100DC4645 /* u35.png in Resources */ = {isa = PBXBuildFile; fileRef = A30266491E2B3E7100DC4645 /* u35.png */; };
		A302665A1E2B3E7100DC4645 /* u41.png in Resources */ = {isa = PBXBuildFile; fileRef = A302664A1E2B3E7100DC4645 /* u41.png */; };
		A302665B1E2B3E7100DC4645 /* u68.png in Resources */ = {isa = PBXBuildFile; fileRef = A302664B1E2B3E7100DC4645 /* u68.png */; };
		A302665C1E2B3E7100DC4645 /* u72.png in Resources */ = {isa = PBXBuildFile; fileRef = A302664C1E2B3E7100DC4645 /* u72.png */; };
		A302665D1E2B3E7100DC4645 /* voicemessage1_u43.png in Resources */ = {isa = PBXBuildFile; fileRef = A302664D1E2B3E7100DC4645 /* voicemessage1_u43.png */; };
		A30266611E2B41BF00DC4645 /* ButtonsTableViewCell.m in Sources */ = {isa = PBXBuildFile; fileRef = A302665F1E2B41BF00DC4645 /* ButtonsTableViewCell.m */; };
		A30266621E2B41BF00DC4645 /* ButtonsTableViewCell.xib in Resources */ = {isa = PBXBuildFile; fileRef = A30266601E2B41BF00DC4645 /* ButtonsTableViewCell.xib */; };
		A30266641E2B58DE00DC4645 /* User.png in Resources */ = {isa = PBXBuildFile; fileRef = A30266631E2B58DE00DC4645 /* User.png */; };
		A30266681E2B5D2000DC4645 /* ButtonsAddTableViewCell.m in Sources */ = {isa = PBXBuildFile; fileRef = A30266661E2B5D2000DC4645 /* ButtonsAddTableViewCell.m */; };
		A30266691E2B5D2000DC4645 /* ButtonsAddTableViewCell.xib in Resources */ = {isa = PBXBuildFile; fileRef = A30266671E2B5D2000DC4645 /* ButtonsAddTableViewCell.xib */; };
		A302666E1E2B646D00DC4645 /* AddNewGuideViewController.m in Sources */ = {isa = PBXBuildFile; fileRef = A302666D1E2B646D00DC4645 /* AddNewGuideViewController.m */; };
		A30266801E2BB60800DC4645 /* SettingsTableViewCell.m in Sources */ = {isa = PBXBuildFile; fileRef = A302667E1E2BB60800DC4645 /* SettingsTableViewCell.m */; };
		A30266811E2BB60800DC4645 /* SettingsTableViewCell.xib in Resources */ = {isa = PBXBuildFile; fileRef = A302667F1E2BB60800DC4645 /* SettingsTableViewCell.xib */; };
		A33196361E21F83E0083B486 /* LoginViewController.m in Sources */ = {isa = PBXBuildFile; fileRef = A33196341E21F83E0083B486 /* LoginViewController.m */; };
		A33196371E21F83E0083B486 /* LoginViewController.xib in Resources */ = {isa = PBXBuildFile; fileRef = A33196351E21F83E0083B486 /* LoginViewController.xib */; };
		A331963D1E21F9550083B486 /* ZZNAlterView.m in Sources */ = {isa = PBXBuildFile; fileRef = A331963A1E21F9550083B486 /* ZZNAlterView.m */; };
		A331963E1E21F9550083B486 /* ZZNUIManager.m in Sources */ = {isa = PBXBuildFile; fileRef = A331963C1E21F9550083B486 /* ZZNUIManager.m */; };
		A33196441E220C9C0083B486 /* UIButton+UnderLine.m in Sources */ = {isa = PBXBuildFile; fileRef = A33196431E220C9C0083B486 /* UIButton+UnderLine.m */; };
		A33196471E2219000083B486 /* RegisterViewController.m in Sources */ = {isa = PBXBuildFile; fileRef = A33196461E2219000083B486 /* RegisterViewController.m */; };
		A331964B1E222FBF0083B486 /* ListViewController.m in Sources */ = {isa = PBXBuildFile; fileRef = A33196491E222FBF0083B486 /* ListViewController.m */; };
		A331964C1E222FBF0083B486 /* ListViewController.xib in Resources */ = {isa = PBXBuildFile; fileRef = A331964A1E222FBF0083B486 /* ListViewController.xib */; };
		A33196511E223A370083B486 /* ListTableViewCell.m in Sources */ = {isa = PBXBuildFile; fileRef = A331964F1E223A370083B486 /* ListTableViewCell.m */; };
		A33196521E223A370083B486 /* ListTableViewCell.xib in Resources */ = {isa = PBXBuildFile; fileRef = A33196501E223A370083B486 /* ListTableViewCell.xib */; };
		A33196581E227EC10083B486 /* ChatViewController.m in Sources */ = {isa = PBXBuildFile; fileRef = A33196561E227EC10083B486 /* ChatViewController.m */; };
		A33196591E227EC10083B486 /* ChatViewController.xib in Resources */ = {isa = PBXBuildFile; fileRef = A33196571E227EC10083B486 /* ChatViewController.xib */; };
		A33196621E2280A70083B486 /* ChatTableViewCell.m in Sources */ = {isa = PBXBuildFile; fileRef = A33196601E2280A70083B486 /* ChatTableViewCell.m */; };
		A33196631E2280A70083B486 /* ChatTableViewCell.xib in Resources */ = {isa = PBXBuildFile; fileRef = A33196611E2280A70083B486 /* ChatTableViewCell.xib */; };
		C5C4D5418982A31F4652F74E /* libPods-viocebutton.a in Frameworks */ = {isa = PBXBuildFile; fileRef = 0FCA7918BD629B355F854462 /* libPods-viocebutton.a */; };
/* End PBXBuildFile section */

/* Begin PBXFileReference section */
		0FCA7918BD629B355F854462 /* libPods-viocebutton.a */ = {isa = PBXFileReference; explicitFileType = archive.ar; includeInIndex = 0; path = "libPods-viocebutton.a"; sourceTree = BUILT_PRODUCTS_DIR; };
		5D1586FE1E1F65430098C8A9 /* viocebutton.app */ = {isa = PBXFileReference; explicitFileType = wrapper.application; includeInIndex = 0; path = viocebutton.app; sourceTree = BUILT_PRODUCTS_DIR; };
		5D1587021E1F65430098C8A9 /* main.m */ = {isa = PBXFileReference; lastKnownFileType = sourcecode.c.objc; path = main.m; sourceTree = "<group>"; };
		5D1587041E1F65430098C8A9 /* AppDelegate.h */ = {isa = PBXFileReference; lastKnownFileType = sourcecode.c.h; path = AppDelegate.h; sourceTree = "<group>"; };
		5D1587051E1F65430098C8A9 /* AppDelegate.m */ = {isa = PBXFileReference; lastKnownFileType = sourcecode.c.objc; path = AppDelegate.m; sourceTree = "<group>"; };
		5D1587071E1F65430098C8A9 /* ViewController.h */ = {isa = PBXFileReference; lastKnownFileType = sourcecode.c.h; path = ViewController.h; sourceTree = "<group>"; };
		5D1587081E1F65430098C8A9 /* ViewController.m */ = {isa = PBXFileReference; lastKnownFileType = sourcecode.c.objc; path = ViewController.m; sourceTree = "<group>"; };
		5D15870B1E1F65430098C8A9 /* Base */ = {isa = PBXFileReference; lastKnownFileType = file.storyboard; name = Base; path = Base.lproj/Main.storyboard; sourceTree = "<group>"; };
		5D15870D1E1F65430098C8A9 /* Assets.xcassets */ = {isa = PBXFileReference; lastKnownFileType = folder.assetcatalog; path = Assets.xcassets; sourceTree = "<group>"; };
		5D1587101E1F65430098C8A9 /* Base */ = {isa = PBXFileReference; lastKnownFileType = file.storyboard; name = Base; path = Base.lproj/LaunchScreen.storyboard; sourceTree = "<group>"; };
		5D1587121E1F65430098C8A9 /* Info.plist */ = {isa = PBXFileReference; lastKnownFileType = text.plist.xml; path = Info.plist; sourceTree = "<group>"; };
		5D6BE2791E21D58300A1F2B8 /* UIViewController+UE.h */ = {isa = PBXFileReference; fileEncoding = 4; lastKnownFileType = sourcecode.c.h; path = "UIViewController+UE.h"; sourceTree = "<group>"; };
		5D6BE27A1E21D58300A1F2B8 /* UIViewController+UE.m */ = {isa = PBXFileReference; fileEncoding = 4; lastKnownFileType = sourcecode.c.objc; path = "UIViewController+UE.m"; sourceTree = "<group>"; };
		5D6BE27C1E21D65100A1F2B8 /* PrefixHeader.pch */ = {isa = PBXFileReference; fileEncoding = 4; lastKnownFileType = sourcecode.c.h; path = PrefixHeader.pch; sourceTree = "<group>"; };
		5D6BE27D1E21D71E00A1F2B8 /* CALayer+Ex.h */ = {isa = PBXFileReference; fileEncoding = 4; lastKnownFileType = sourcecode.c.h; path = "CALayer+Ex.h"; sourceTree = "<group>"; };
		5D6BE27E1E21D71E00A1F2B8 /* CALayer+Ex.m */ = {isa = PBXFileReference; fileEncoding = 4; lastKnownFileType = sourcecode.c.objc; path = "CALayer+Ex.m"; sourceTree = "<group>"; };
		5D6BE27F1E21D71E00A1F2B8 /* Categary.h */ = {isa = PBXFileReference; fileEncoding = 4; lastKnownFileType = sourcecode.c.h; path = Categary.h; sourceTree = "<group>"; };
		5D6BE2821E21D71E00A1F2B8 /* NSNumber+YYAdd.h */ = {isa = PBXFileReference; fileEncoding = 4; lastKnownFileType = sourcecode.c.h; path = "NSNumber+YYAdd.h"; sourceTree = "<group>"; };
		5D6BE2831E21D71E00A1F2B8 /* NSNumber+YYAdd.m */ = {isa = PBXFileReference; fileEncoding = 4; lastKnownFileType = sourcecode.c.objc; path = "NSNumber+YYAdd.m"; sourceTree = "<group>"; };
		5D6BE2841E21D71E00A1F2B8 /* NSObject+Extension.h */ = {isa = PBXFileReference; fileEncoding = 4; lastKnownFileType = sourcecode.c.h; path = "NSObject+Extension.h"; sourceTree = "<group>"; };
		5D6BE2851E21D71E00A1F2B8 /* NSObject+Extension.m */ = {isa = PBXFileReference; fileEncoding = 4; lastKnownFileType = sourcecode.c.objc; path = "NSObject+Extension.m"; sourceTree = "<group>"; };
		5D6BE2861E21D71E00A1F2B8 /* NSString+YYAdd.h */ = {isa = PBXFileReference; fileEncoding = 4; lastKnownFileType = sourcecode.c.h; path = "NSString+YYAdd.h"; sourceTree = "<group>"; };
		5D6BE2871E21D71E00A1F2B8 /* NSString+YYAdd.m */ = {isa = PBXFileReference; fileEncoding = 4; lastKnownFileType = sourcecode.c.objc; path = "NSString+YYAdd.m"; sourceTree = "<group>"; };
		5D6BE2881E21D71E00A1F2B8 /* UIColor+Helper.h */ = {isa = PBXFileReference; fileEncoding = 4; lastKnownFileType = sourcecode.c.h; path = "UIColor+Helper.h"; sourceTree = "<group>"; };
		5D6BE2891E21D71E00A1F2B8 /* UIColor+Helper.m */ = {isa = PBXFileReference; fileEncoding = 4; lastKnownFileType = sourcecode.c.objc; path = "UIColor+Helper.m"; sourceTree = "<group>"; };
		5D6BE28A1E21D71E00A1F2B8 /* UIDevice+YYAdd.h */ = {isa = PBXFileReference; fileEncoding = 4; lastKnownFileType = sourcecode.c.h; path = "UIDevice+YYAdd.h"; sourceTree = "<group>"; };
		5D6BE28B1E21D71E00A1F2B8 /* UIDevice+YYAdd.m */ = {isa = PBXFileReference; fileEncoding = 4; lastKnownFileType = sourcecode.c.objc; path = "UIDevice+YYAdd.m"; sourceTree = "<group>"; };
		5D6BE28C1E21D71E00A1F2B8 /* UIImage+Fit.h */ = {isa = PBXFileReference; fileEncoding = 4; lastKnownFileType = sourcecode.c.h; path = "UIImage+Fit.h"; sourceTree = "<group>"; };
		5D6BE28D1E21D71E00A1F2B8 /* UIImage+Fit.m */ = {isa = PBXFileReference; fileEncoding = 4; lastKnownFileType = sourcecode.c.objc; path = "UIImage+Fit.m"; sourceTree = "<group>"; };
		5D6BE28E1E21D71E00A1F2B8 /* UIView+YYAdd.h */ = {isa = PBXFileReference; fileEncoding = 4; lastKnownFileType = sourcecode.c.h; path = "UIView+YYAdd.h"; sourceTree = "<group>"; };
		5D6BE28F1E21D71E00A1F2B8 /* UIView+YYAdd.m */ = {isa = PBXFileReference; fileEncoding = 4; lastKnownFileType = sourcecode.c.objc; path = "UIView+YYAdd.m"; sourceTree = "<group>"; };
		5D6BE2901E21D71E00A1F2B8 /* UIViewExt.h */ = {isa = PBXFileReference; fileEncoding = 4; lastKnownFileType = sourcecode.c.h; path = UIViewExt.h; sourceTree = "<group>"; };
		5D6BE2911E21D71E00A1F2B8 /* UIViewExt.m */ = {isa = PBXFileReference; fileEncoding = 4; lastKnownFileType = sourcecode.c.objc; path = UIViewExt.m; sourceTree = "<group>"; };
		5D6BE29C1E21D8BB00A1F2B8 /* YYKitMacro.h */ = {isa = PBXFileReference; fileEncoding = 4; lastKnownFileType = sourcecode.c.h; path = YYKitMacro.h; sourceTree = "<group>"; };
		79093715A63793D6F1C615A2 /* Pods-viocebutton.release.xcconfig */ = {isa = PBXFileReference; includeInIndex = 1; lastKnownFileType = text.xcconfig; name = "Pods-viocebutton.release.xcconfig"; path = "Pods/Target Support Files/Pods-viocebutton/Pods-viocebutton.release.xcconfig"; sourceTree = "<group>"; };
		7DE7D66EC674F559983CB750 /* Pods-viocebutton.debug.xcconfig */ = {isa = PBXFileReference; includeInIndex = 1; lastKnownFileType = text.xcconfig; name = "Pods-viocebutton.debug.xcconfig"; path = "Pods/Target Support Files/Pods-viocebutton/Pods-viocebutton.debug.xcconfig"; sourceTree = "<group>"; };
		A30265FB1E25380E00DC4645 /* UIColor+Random.h */ = {isa = PBXFileReference; fileEncoding = 4; lastKnownFileType = sourcecode.c.h; path = "UIColor+Random.h"; sourceTree = "<group>"; };
		A30265FC1E25380E00DC4645 /* UIColor+Random.m */ = {isa = PBXFileReference; fileEncoding = 4; lastKnownFileType = sourcecode.c.objc; path = "UIColor+Random.m"; sourceTree = "<group>"; };
		A30265FD1E25380E00DC4645 /* UIImage+WZ.h */ = {isa = PBXFileReference; fileEncoding = 4; lastKnownFileType = sourcecode.c.h; path = "UIImage+WZ.h"; sourceTree = "<group>"; };
		A30265FE1E25380E00DC4645 /* UIImage+WZ.m */ = {isa = PBXFileReference; fileEncoding = 4; lastKnownFileType = sourcecode.c.objc; path = "UIImage+WZ.m"; sourceTree = "<group>"; };
		A30266261E2B27B100DC4645 /* VBBlueToothManager.h */ = {isa = PBXFileReference; fileEncoding = 4; lastKnownFileType = sourcecode.c.h; path = VBBlueToothManager.h; sourceTree = "<group>"; };
		A30266271E2B27B100DC4645 /* VBBlueToothManager.m */ = {isa = PBXFileReference; fileEncoding = 4; lastKnownFileType = sourcecode.c.objc; path = VBBlueToothManager.m; sourceTree = "<group>"; };
		A30266291E2B27B100DC4645 /* VBScoketManager.h */ = {isa = PBXFileReference; fileEncoding = 4; lastKnownFileType = sourcecode.c.h; path = VBScoketManager.h; sourceTree = "<group>"; };
		A302662A1E2B27B100DC4645 /* VBScoketManager.m */ = {isa = PBXFileReference; fileEncoding = 4; lastKnownFileType = sourcecode.c.objc; path = VBScoketManager.m; sourceTree = "<group>"; };
		A302662B1E2B27B100DC4645 /* VBSocketSDK.h */ = {isa = PBXFileReference; fileEncoding = 4; lastKnownFileType = sourcecode.c.h; path = VBSocketSDK.h; sourceTree = "<group>"; };
		A302662C1E2B27B100DC4645 /* VBSocketSDK.m */ = {isa = PBXFileReference; fileEncoding = 4; lastKnownFileType = sourcecode.c.objc; path = VBSocketSDK.m; sourceTree = "<group>"; };
		A302662D1E2B27B100DC4645 /* VBSocketService.h */ = {isa = PBXFileReference; fileEncoding = 4; lastKnownFileType = sourcecode.c.h; path = VBSocketService.h; sourceTree = "<group>"; };
		A302662E1E2B27B100DC4645 /* VBSocketService.m */ = {isa = PBXFileReference; fileEncoding = 4; lastKnownFileType = sourcecode.c.objc; path = VBSocketService.m; sourceTree = "<group>"; };
		A30266331E2B28F500DC4645 /* VoiceTabBarViewController.h */ = {isa = PBXFileReference; fileEncoding = 4; lastKnownFileType = sourcecode.c.h; path = VoiceTabBarViewController.h; sourceTree = "<group>"; };
		A30266341E2B28F500DC4645 /* VoiceTabBarViewController.m */ = {isa = PBXFileReference; fileEncoding = 4; lastKnownFileType = sourcecode.c.objc; path = VoiceTabBarViewController.m; sourceTree = "<group>"; };
		A30266371E2B2C3700DC4645 /* ButtonsViewController.h */ = {isa = PBXFileReference; fileEncoding = 4; lastKnownFileType = sourcecode.c.h; path = ButtonsViewController.h; sourceTree = "<group>"; };
		A30266381E2B2C3700DC4645 /* ButtonsViewController.m */ = {isa = PBXFileReference; fileEncoding = 4; lastKnownFileType = sourcecode.c.objc; path = ButtonsViewController.m; sourceTree = "<group>"; };
		A302663A1E2B2C4D00DC4645 /* SettingsViewController.h */ = {isa = PBXFileReference; fileEncoding = 4; lastKnownFileType = sourcecode.c.h; path = SettingsViewController.h; sourceTree = "<group>"; };
		A302663B1E2B2C4D00DC4645 /* SettingsViewController.m */ = {isa = PBXFileReference; fileEncoding = 4; lastKnownFileType = sourcecode.c.objc; path = SettingsViewController.m; sourceTree = "<group>"; };
		A302663E1E2B3E7100DC4645 /* Creat_New_Button_Page.png */ = {isa = PBXFileReference; lastKnownFileType = image.png; path = Creat_New_Button_Page.png; sourceTree = "<group>"; };
		A302663F1E2B3E7100DC4645 /* Kaki button - Button BG .jpg */ = {isa = PBXFileReference; lastKnownFileType = image.jpeg; path = "Kaki button - Button BG .jpg"; sourceTree = "<group>"; };
		A30266401E2B3E7100DC4645 /* menu1-1_u90.png */ = {isa = PBXFileReference; lastKnownFileType = image.png; path = "menu1-1_u90.png"; sourceTree = "<group>"; };
		A30266411E2B3E7100DC4645 /* menu1-2_u92.png */ = {isa = PBXFileReference; lastKnownFileType = image.png; path = "menu1-2_u92.png"; sourceTree = "<group>"; };
		A30266421E2B3E7100DC4645 /* newvoicemessage_u49.png */ = {isa = PBXFileReference; lastKnownFileType = image.png; path = newvoicemessage_u49.png; sourceTree = "<group>"; };
		A30266431E2B3E7100DC4645 /* speaker5_u53.png */ = {isa = PBXFileReference; lastKnownFileType = image.png; path = speaker5_u53.png; sourceTree = "<group>"; };
		A30266441E2B3E7100DC4645 /* u141.png */ = {isa = PBXFileReference; lastKnownFileType = image.png; path = u141.png; sourceTree = "<group>"; };
		A30266451E2B3E7100DC4645 /* u143.png */ = {isa = PBXFileReference; lastKnownFileType = image.png; path = u143.png; sourceTree = "<group>"; };
		A30266461E2B3E7100DC4645 /* u145.png */ = {isa = PBXFileReference; lastKnownFileType = image.png; path = u145.png; sourceTree = "<group>"; };
		A30266471E2B3E7100DC4645 /* u159.png */ = {isa = PBXFileReference; lastKnownFileType = image.png; path = u159.png; sourceTree = "<group>"; };
		A30266481E2B3E7100DC4645 /* u161.png */ = {isa = PBXFileReference; lastKnownFileType = image.png; path = u161.png; sourceTree = "<group>"; };
		A30266491E2B3E7100DC4645 /* u35.png */ = {isa = PBXFileReference; lastKnownFileType = image.png; path = u35.png; sourceTree = "<group>"; };
		A302664A1E2B3E7100DC4645 /* u41.png */ = {isa = PBXFileReference; lastKnownFileType = image.png; path = u41.png; sourceTree = "<group>"; };
		A302664B1E2B3E7100DC4645 /* u68.png */ = {isa = PBXFileReference; lastKnownFileType = image.png; path = u68.png; sourceTree = "<group>"; };
		A302664C1E2B3E7100DC4645 /* u72.png */ = {isa = PBXFileReference; lastKnownFileType = image.png; path = u72.png; sourceTree = "<group>"; };
		A302664D1E2B3E7100DC4645 /* voicemessage1_u43.png */ = {isa = PBXFileReference; lastKnownFileType = image.png; path = voicemessage1_u43.png; sourceTree = "<group>"; };
		A302665E1E2B41BF00DC4645 /* ButtonsTableViewCell.h */ = {isa = PBXFileReference; fileEncoding = 4; lastKnownFileType = sourcecode.c.h; path = ButtonsTableViewCell.h; sourceTree = "<group>"; };
		A302665F1E2B41BF00DC4645 /* ButtonsTableViewCell.m */ = {isa = PBXFileReference; fileEncoding = 4; lastKnownFileType = sourcecode.c.objc; path = ButtonsTableViewCell.m; sourceTree = "<group>"; };
		A30266601E2B41BF00DC4645 /* ButtonsTableViewCell.xib */ = {isa = PBXFileReference; fileEncoding = 4; lastKnownFileType = file.xib; path = ButtonsTableViewCell.xib; sourceTree = "<group>"; };
		A30266631E2B58DE00DC4645 /* User.png */ = {isa = PBXFileReference; lastKnownFileType = image.png; path = User.png; sourceTree = "<group>"; };
		A30266651E2B5D2000DC4645 /* ButtonsAddTableViewCell.h */ = {isa = PBXFileReference; fileEncoding = 4; lastKnownFileType = sourcecode.c.h; path = ButtonsAddTableViewCell.h; sourceTree = "<group>"; };
		A30266661E2B5D2000DC4645 /* ButtonsAddTableViewCell.m */ = {isa = PBXFileReference; fileEncoding = 4; lastKnownFileType = sourcecode.c.objc; path = ButtonsAddTableViewCell.m; sourceTree = "<group>"; };
		A30266671E2B5D2000DC4645 /* ButtonsAddTableViewCell.xib */ = {isa = PBXFileReference; fileEncoding = 4; lastKnownFileType = file.xib; path = ButtonsAddTableViewCell.xib; sourceTree = "<group>"; };
		A302666C1E2B646D00DC4645 /* AddNewGuideViewController.h */ = {isa = PBXFileReference; fileEncoding = 4; lastKnownFileType = sourcecode.c.h; path = AddNewGuideViewController.h; sourceTree = "<group>"; };
		A302666D1E2B646D00DC4645 /* AddNewGuideViewController.m */ = {isa = PBXFileReference; fileEncoding = 4; lastKnownFileType = sourcecode.c.objc; path = AddNewGuideViewController.m; sourceTree = "<group>"; };
		A302667D1E2BB60800DC4645 /* SettingsTableViewCell.h */ = {isa = PBXFileReference; fileEncoding = 4; lastKnownFileType = sourcecode.c.h; path = SettingsTableViewCell.h; sourceTree = "<group>"; };
		A302667E1E2BB60800DC4645 /* SettingsTableViewCell.m */ = {isa = PBXFileReference; fileEncoding = 4; lastKnownFileType = sourcecode.c.objc; path = SettingsTableViewCell.m; sourceTree = "<group>"; };
		A302667F1E2BB60800DC4645 /* SettingsTableViewCell.xib */ = {isa = PBXFileReference; fileEncoding = 4; lastKnownFileType = file.xib; path = SettingsTableViewCell.xib; sourceTree = "<group>"; };
		A33196331E21F83E0083B486 /* LoginViewController.h */ = {isa = PBXFileReference; fileEncoding = 4; lastKnownFileType = sourcecode.c.h; path = LoginViewController.h; sourceTree = "<group>"; };
		A33196341E21F83E0083B486 /* LoginViewController.m */ = {isa = PBXFileReference; fileEncoding = 4; lastKnownFileType = sourcecode.c.objc; path = LoginViewController.m; sourceTree = "<group>"; };
		A33196351E21F83E0083B486 /* LoginViewController.xib */ = {isa = PBXFileReference; fileEncoding = 4; lastKnownFileType = file.xib; path = LoginViewController.xib; sourceTree = "<group>"; };
		A33196391E21F9550083B486 /* ZZNAlterView.h */ = {isa = PBXFileReference; fileEncoding = 4; lastKnownFileType = sourcecode.c.h; path = ZZNAlterView.h; sourceTree = "<group>"; };
		A331963A1E21F9550083B486 /* ZZNAlterView.m */ = {isa = PBXFileReference; fileEncoding = 4; lastKnownFileType = sourcecode.c.objc; path = ZZNAlterView.m; sourceTree = "<group>"; };
		A331963B1E21F9550083B486 /* ZZNUIManager.h */ = {isa = PBXFileReference; fileEncoding = 4; lastKnownFileType = sourcecode.c.h; path = ZZNUIManager.h; sourceTree = "<group>"; };
		A331963C1E21F9550083B486 /* ZZNUIManager.m */ = {isa = PBXFileReference; fileEncoding = 4; lastKnownFileType = sourcecode.c.objc; path = ZZNUIManager.m; sourceTree = "<group>"; };
		A33196421E220C9C0083B486 /* UIButton+UnderLine.h */ = {isa = PBXFileReference; fileEncoding = 4; lastKnownFileType = sourcecode.c.h; path = "UIButton+UnderLine.h"; sourceTree = "<group>"; };
		A33196431E220C9C0083B486 /* UIButton+UnderLine.m */ = {isa = PBXFileReference; fileEncoding = 4; lastKnownFileType = sourcecode.c.objc; path = "UIButton+UnderLine.m"; sourceTree = "<group>"; };
		A33196451E2219000083B486 /* RegisterViewController.h */ = {isa = PBXFileReference; fileEncoding = 4; lastKnownFileType = sourcecode.c.h; path = RegisterViewController.h; sourceTree = "<group>"; };
		A33196461E2219000083B486 /* RegisterViewController.m */ = {isa = PBXFileReference; fileEncoding = 4; lastKnownFileType = sourcecode.c.objc; path = RegisterViewController.m; sourceTree = "<group>"; };
		A33196481E222FBF0083B486 /* ListViewController.h */ = {isa = PBXFileReference; fileEncoding = 4; lastKnownFileType = sourcecode.c.h; path = ListViewController.h; sourceTree = "<group>"; };
		A33196491E222FBF0083B486 /* ListViewController.m */ = {isa = PBXFileReference; fileEncoding = 4; lastKnownFileType = sourcecode.c.objc; path = ListViewController.m; sourceTree = "<group>"; };
		A331964A1E222FBF0083B486 /* ListViewController.xib */ = {isa = PBXFileReference; fileEncoding = 4; lastKnownFileType = file.xib; path = ListViewController.xib; sourceTree = "<group>"; };
		A331964E1E223A370083B486 /* ListTableViewCell.h */ = {isa = PBXFileReference; fileEncoding = 4; lastKnownFileType = sourcecode.c.h; path = ListTableViewCell.h; sourceTree = "<group>"; };
		A331964F1E223A370083B486 /* ListTableViewCell.m */ = {isa = PBXFileReference; fileEncoding = 4; lastKnownFileType = sourcecode.c.objc; path = ListTableViewCell.m; sourceTree = "<group>"; };
		A33196501E223A370083B486 /* ListTableViewCell.xib */ = {isa = PBXFileReference; fileEncoding = 4; lastKnownFileType = file.xib; path = ListTableViewCell.xib; sourceTree = "<group>"; };
		A33196551E227EC10083B486 /* ChatViewController.h */ = {isa = PBXFileReference; fileEncoding = 4; lastKnownFileType = sourcecode.c.h; path = ChatViewController.h; sourceTree = "<group>"; };
		A33196561E227EC10083B486 /* ChatViewController.m */ = {isa = PBXFileReference; fileEncoding = 4; lastKnownFileType = sourcecode.c.objc; path = ChatViewController.m; sourceTree = "<group>"; };
		A33196571E227EC10083B486 /* ChatViewController.xib */ = {isa = PBXFileReference; fileEncoding = 4; lastKnownFileType = file.xib; path = ChatViewController.xib; sourceTree = "<group>"; };
		A331965F1E2280A70083B486 /* ChatTableViewCell.h */ = {isa = PBXFileReference; fileEncoding = 4; lastKnownFileType = sourcecode.c.h; path = ChatTableViewCell.h; sourceTree = "<group>"; };
		A33196601E2280A70083B486 /* ChatTableViewCell.m */ = {isa = PBXFileReference; fileEncoding = 4; lastKnownFileType = sourcecode.c.objc; path = ChatTableViewCell.m; sourceTree = "<group>"; };
		A33196611E2280A70083B486 /* ChatTableViewCell.xib */ = {isa = PBXFileReference; fileEncoding = 4; lastKnownFileType = file.xib; path = ChatTableViewCell.xib; sourceTree = "<group>"; };
/* End PBXFileReference section */

/* Begin PBXFrameworksBuildPhase section */
		5D1586FB1E1F65430098C8A9 /* Frameworks */ = {
			isa = PBXFrameworksBuildPhase;
			buildActionMask = 2147483647;
			files = (
				C5C4D5418982A31F4652F74E /* libPods-viocebutton.a in Frameworks */,
			);
			runOnlyForDeploymentPostprocessing = 0;
		};
/* End PBXFrameworksBuildPhase section */

/* Begin PBXGroup section */
		5D1586F51E1F65430098C8A9 = {
			isa = PBXGroup;
			children = (
				A302663D1E2B3E7100DC4645 /* UI icon */,
				5D1587001E1F65430098C8A9 /* viocebutton */,
				5D1586FF1E1F65430098C8A9 /* Products */,
				6DD877D9D0377E99DD4D7A28 /* Pods */,
				5F82F3AAA2FDDEF0504DBA6F /* Frameworks */,
			);
			sourceTree = "<group>";
		};
		5D1586FF1E1F65430098C8A9 /* Products */ = {
			isa = PBXGroup;
			children = (
				5D1586FE1E1F65430098C8A9 /* viocebutton.app */,
			);
			name = Products;
			sourceTree = "<group>";
		};
		5D1587001E1F65430098C8A9 /* viocebutton */ = {
			isa = PBXGroup;
			children = (
				A33196321E21F82B0083B486 /* VBClass */,
				5D1587191E1F65D70098C8A9 /* VBOther */,
				5D1587041E1F65430098C8A9 /* AppDelegate.h */,
				5D1587051E1F65430098C8A9 /* AppDelegate.m */,
				5D1587071E1F65430098C8A9 /* ViewController.h */,
				5D1587081E1F65430098C8A9 /* ViewController.m */,
				5D15870A1E1F65430098C8A9 /* Main.storyboard */,
				5D1587011E1F65430098C8A9 /* Supporting Files */,
			);
			path = viocebutton;
			sourceTree = "<group>";
		};
		5D1587011E1F65430098C8A9 /* Supporting Files */ = {
			isa = PBXGroup;
			children = (
				5D1587121E1F65430098C8A9 /* Info.plist */,
				5D15870D1E1F65430098C8A9 /* Assets.xcassets */,
				5D15870F1E1F65430098C8A9 /* LaunchScreen.storyboard */,
				5D1587021E1F65430098C8A9 /* main.m */,
				5D6BE27C1E21D65100A1F2B8 /* PrefixHeader.pch */,
			);
			name = "Supporting Files";
			sourceTree = "<group>";
		};
		5D1587191E1F65D70098C8A9 /* VBOther */ = {
			isa = PBXGroup;
			children = (
				A30266241E2B27B100DC4645 /* VBService */,
				A33196381E21F9550083B486 /* VieoceButtonUI */,
				5D6BE26D1E21D4F200A1F2B8 /* Category */,
			);
			path = VBOther;
			sourceTree = "<group>";
		};
		5D6BE26D1E21D4F200A1F2B8 /* Category */ = {
			isa = PBXGroup;
			children = (
				A30265FB1E25380E00DC4645 /* UIColor+Random.h */,
				A30265FC1E25380E00DC4645 /* UIColor+Random.m */,
				A30265FD1E25380E00DC4645 /* UIImage+WZ.h */,
				A30265FE1E25380E00DC4645 /* UIImage+WZ.m */,
				5D6BE27D1E21D71E00A1F2B8 /* CALayer+Ex.h */,
				5D6BE27E1E21D71E00A1F2B8 /* CALayer+Ex.m */,
				5D6BE27F1E21D71E00A1F2B8 /* Categary.h */,
				5D6BE2821E21D71E00A1F2B8 /* NSNumber+YYAdd.h */,
				5D6BE2831E21D71E00A1F2B8 /* NSNumber+YYAdd.m */,
				5D6BE2841E21D71E00A1F2B8 /* NSObject+Extension.h */,
				5D6BE2851E21D71E00A1F2B8 /* NSObject+Extension.m */,
				5D6BE2861E21D71E00A1F2B8 /* NSString+YYAdd.h */,
				5D6BE2871E21D71E00A1F2B8 /* NSString+YYAdd.m */,
				5D6BE2881E21D71E00A1F2B8 /* UIColor+Helper.h */,
				5D6BE2891E21D71E00A1F2B8 /* UIColor+Helper.m */,
				5D6BE28A1E21D71E00A1F2B8 /* UIDevice+YYAdd.h */,
				5D6BE28B1E21D71E00A1F2B8 /* UIDevice+YYAdd.m */,
				5D6BE28C1E21D71E00A1F2B8 /* UIImage+Fit.h */,
				5D6BE28D1E21D71E00A1F2B8 /* UIImage+Fit.m */,
				5D6BE28E1E21D71E00A1F2B8 /* UIView+YYAdd.h */,
				5D6BE28F1E21D71E00A1F2B8 /* UIView+YYAdd.m */,
				5D6BE2901E21D71E00A1F2B8 /* UIViewExt.h */,
				5D6BE2911E21D71E00A1F2B8 /* UIViewExt.m */,
				5D6BE2791E21D58300A1F2B8 /* UIViewController+UE.h */,
				5D6BE27A1E21D58300A1F2B8 /* UIViewController+UE.m */,
				5D6BE29C1E21D8BB00A1F2B8 /* YYKitMacro.h */,
				A33196421E220C9C0083B486 /* UIButton+UnderLine.h */,
				A33196431E220C9C0083B486 /* UIButton+UnderLine.m */,
			);
			path = Category;
			sourceTree = "<group>";
		};
		5F82F3AAA2FDDEF0504DBA6F /* Frameworks */ = {
			isa = PBXGroup;
			children = (
				0FCA7918BD629B355F854462 /* libPods-viocebutton.a */,
			);
			name = Frameworks;
			sourceTree = "<group>";
		};
		6DD877D9D0377E99DD4D7A28 /* Pods */ = {
			isa = PBXGroup;
			children = (
				7DE7D66EC674F559983CB750 /* Pods-viocebutton.debug.xcconfig */,
				79093715A63793D6F1C615A2 /* Pods-viocebutton.release.xcconfig */,
			);
			name = Pods;
			sourceTree = "<group>";
		};
		A30266241E2B27B100DC4645 /* VBService */ = {
			isa = PBXGroup;
			children = (
				A30266251E2B27B100DC4645 /* Bluetooth */,
				A30266281E2B27B100DC4645 /* Socket */,
			);
			path = VBService;
			sourceTree = "<group>";
		};
		A30266251E2B27B100DC4645 /* Bluetooth */ = {
			isa = PBXGroup;
			children = (
				A30266261E2B27B100DC4645 /* VBBlueToothManager.h */,
				A30266271E2B27B100DC4645 /* VBBlueToothManager.m */,
			);
			path = Bluetooth;
			sourceTree = "<group>";
		};
		A30266281E2B27B100DC4645 /* Socket */ = {
			isa = PBXGroup;
			children = (
				A30266291E2B27B100DC4645 /* VBScoketManager.h */,
				A302662A1E2B27B100DC4645 /* VBScoketManager.m */,
				A302662B1E2B27B100DC4645 /* VBSocketSDK.h */,
				A302662C1E2B27B100DC4645 /* VBSocketSDK.m */,
				A302662D1E2B27B100DC4645 /* VBSocketService.h */,
				A302662E1E2B27B100DC4645 /* VBSocketService.m */,
			);
			path = Socket;
			sourceTree = "<group>";
		};
		A30266361E2B291400DC4645 /* TabBarViewController */ = {
			isa = PBXGroup;
			children = (
				A30266331E2B28F500DC4645 /* VoiceTabBarViewController.h */,
				A30266341E2B28F500DC4645 /* VoiceTabBarViewController.m */,
			);
			name = TabBarViewController;
			sourceTree = "<group>";
		};
		A302663D1E2B3E7100DC4645 /* UI icon */ = {
			isa = PBXGroup;
			children = (
				A302663E1E2B3E7100DC4645 /* Creat_New_Button_Page.png */,
				A302663F1E2B3E7100DC4645 /* Kaki button - Button BG .jpg */,
				A30266401E2B3E7100DC4645 /* menu1-1_u90.png */,
				A30266411E2B3E7100DC4645 /* menu1-2_u92.png */,
				A30266421E2B3E7100DC4645 /* newvoicemessage_u49.png */,
				A30266431E2B3E7100DC4645 /* speaker5_u53.png */,
				A30266441E2B3E7100DC4645 /* u141.png */,
				A30266631E2B58DE00DC4645 /* User.png */,
				A30266451E2B3E7100DC4645 /* u143.png */,
				A30266461E2B3E7100DC4645 /* u145.png */,
				A30266471E2B3E7100DC4645 /* u159.png */,
				A30266481E2B3E7100DC4645 /* u161.png */,
				A30266491E2B3E7100DC4645 /* u35.png */,
				A302664A1E2B3E7100DC4645 /* u41.png */,
				A302664B1E2B3E7100DC4645 /* u68.png */,
				A302664C1E2B3E7100DC4645 /* u72.png */,
				A302664D1E2B3E7100DC4645 /* voicemessage1_u43.png */,
			);
			path = "UI icon";
			sourceTree = "<group>";
		};
		A302667A1E2BB23200DC4645 /* message */ = {
			isa = PBXGroup;
			children = (
				A33196551E227EC10083B486 /* ChatViewController.h */,
				A33196561E227EC10083B486 /* ChatViewController.m */,
				A33196571E227EC10083B486 /* ChatViewController.xib */,
				A33196481E222FBF0083B486 /* ListViewController.h */,
				A33196491E222FBF0083B486 /* ListViewController.m */,
				A331964A1E222FBF0083B486 /* ListViewController.xib */,
			);
			name = message;
			sourceTree = "<group>";
		};
		A302667B1E2BB24D00DC4645 /* buttons */ = {
			isa = PBXGroup;
			children = (
				A302666C1E2B646D00DC4645 /* AddNewGuideViewController.h */,
				A302666D1E2B646D00DC4645 /* AddNewGuideViewController.m */,
				A30266371E2B2C3700DC4645 /* ButtonsViewController.h */,
				A30266381E2B2C3700DC4645 /* ButtonsViewController.m */,
			);
			name = buttons;
			sourceTree = "<group>";
		};
		A302667C1E2BB27600DC4645 /* settings */ = {
			isa = PBXGroup;
			children = (
				A302663A1E2B2C4D00DC4645 /* SettingsViewController.h */,
				A302663B1E2B2C4D00DC4645 /* SettingsViewController.m */,
			);
			name = settings;
			sourceTree = "<group>";
		};
		A33196321E21F82B0083B486 /* VBClass */ = {
			isa = PBXGroup;
			children = (
				A30266361E2B291400DC4645 /* TabBarViewController */,
				A33196541E227E540083B486 /* ViewController */,
				A33196531E2241410083B486 /* Model */,
				A331964D1E223A060083B486 /* Cell */,
			);
			path = VBClass;
			sourceTree = "<group>";
		};
		A33196381E21F9550083B486 /* VieoceButtonUI */ = {
			isa = PBXGroup;
			children = (
				A33196391E21F9550083B486 /* ZZNAlterView.h */,
				A331963A1E21F9550083B486 /* ZZNAlterView.m */,
				A331963B1E21F9550083B486 /* ZZNUIManager.h */,
				A331963C1E21F9550083B486 /* ZZNUIManager.m */,
			);
			path = VieoceButtonUI;
			sourceTree = "<group>";
		};
		A331964D1E223A060083B486 /* Cell */ = {
			isa = PBXGroup;
			children = (
				A331964E1E223A370083B486 /* ListTableViewCell.h */,
				A331964F1E223A370083B486 /* ListTableViewCell.m */,
				A33196501E223A370083B486 /* ListTableViewCell.xib */,
				A331965F1E2280A70083B486 /* ChatTableViewCell.h */,
				A33196601E2280A70083B486 /* ChatTableViewCell.m */,
				A33196611E2280A70083B486 /* ChatTableViewCell.xib */,
				A302665E1E2B41BF00DC4645 /* ButtonsTableViewCell.h */,
				A302665F1E2B41BF00DC4645 /* ButtonsTableViewCell.m */,
				A30266601E2B41BF00DC4645 /* ButtonsTableViewCell.xib */,
				A30266651E2B5D2000DC4645 /* ButtonsAddTableViewCell.h */,
				A30266661E2B5D2000DC4645 /* ButtonsAddTableViewCell.m */,
				A30266671E2B5D2000DC4645 /* ButtonsAddTableViewCell.xib */,
				A302667D1E2BB60800DC4645 /* SettingsTableViewCell.h */,
				A302667E1E2BB60800DC4645 /* SettingsTableViewCell.m */,
				A302667F1E2BB60800DC4645 /* SettingsTableViewCell.xib */,
			);
			path = Cell;
			sourceTree = "<group>";
		};
		A33196531E2241410083B486 /* Model */ = {
			isa = PBXGroup;
			children = (
			);
			path = Model;
			sourceTree = "<group>";
		};
		A33196541E227E540083B486 /* ViewController */ = {
			isa = PBXGroup;
			children = (
				A302667C1E2BB27600DC4645 /* settings */,
				A302667B1E2BB24D00DC4645 /* buttons */,
				A302667A1E2BB23200DC4645 /* message */,
				A33196451E2219000083B486 /* RegisterViewController.h */,
				A33196461E2219000083B486 /* RegisterViewController.m */,
				A33196331E21F83E0083B486 /* LoginViewController.h */,
				A33196341E21F83E0083B486 /* LoginViewController.m */,
				A33196351E21F83E0083B486 /* LoginViewController.xib */,
			);
			name = ViewController;
			sourceTree = "<group>";
		};
/* End PBXGroup section */

/* Begin PBXNativeTarget section */
		5D1586FD1E1F65430098C8A9 /* viocebutton */ = {
			isa = PBXNativeTarget;
			buildConfigurationList = 5D1587151E1F65430098C8A9 /* Build configuration list for PBXNativeTarget "viocebutton" */;
			buildPhases = (
				919FB63F7D97CC340EE3BBB4 /* [CP] Check Pods Manifest.lock */,
				5D1586FA1E1F65430098C8A9 /* Sources */,
				5D1586FB1E1F65430098C8A9 /* Frameworks */,
				5D1586FC1E1F65430098C8A9 /* Resources */,
				9DDA05D10AD2009BFAFC455D /* [CP] Embed Pods Frameworks */,
				45EE1F7D9377A62E806844CD /* [CP] Copy Pods Resources */,
			);
			buildRules = (
			);
			dependencies = (
			);
			name = viocebutton;
			productName = viocebutton;
			productReference = 5D1586FE1E1F65430098C8A9 /* viocebutton.app */;
			productType = "com.apple.product-type.application";
		};
/* End PBXNativeTarget section */

/* Begin PBXProject section */
		5D1586F61E1F65430098C8A9 /* Project object */ = {
			isa = PBXProject;
			attributes = {
				LastUpgradeCheck = 0810;
				ORGANIZATIONNAME = detu;
				TargetAttributes = {
					5D1586FD1E1F65430098C8A9 = {
						CreatedOnToolsVersion = 8.1;
						DevelopmentTeam = YS5EJK97LA;
						ProvisioningStyle = Manual;
					};
				};
			};
			buildConfigurationList = 5D1586F91E1F65430098C8A9 /* Build configuration list for PBXProject "viocebutton" */;
			compatibilityVersion = "Xcode 3.2";
			developmentRegion = English;
			hasScannedForEncodings = 0;
			knownRegions = (
				en,
				Base,
			);
			mainGroup = 5D1586F51E1F65430098C8A9;
			productRefGroup = 5D1586FF1E1F65430098C8A9 /* Products */;
			projectDirPath = "";
			projectRoot = "";
			targets = (
				5D1586FD1E1F65430098C8A9 /* viocebutton */,
			);
		};
/* End PBXProject section */

/* Begin PBXResourcesBuildPhase section */
		5D1586FC1E1F65430098C8A9 /* Resources */ = {
			isa = PBXResourcesBuildPhase;
			buildActionMask = 2147483647;
			files = (
				A302664E1E2B3E7100DC4645 /* Creat_New_Button_Page.png in Resources */,
				A30266531E2B3E7100DC4645 /* speaker5_u53.png in Resources */,
				A302664F1E2B3E7100DC4645 /* Kaki button - Button BG .jpg in Resources */,
				A302665B1E2B3E7100DC4645 /* u68.png in Resources */,
				A30266591E2B3E7100DC4645 /* u35.png in Resources */,
				A33196371E21F83E0083B486 /* LoginViewController.xib in Resources */,
				A33196631E2280A70083B486 /* ChatTableViewCell.xib in Resources */,
				A302665D1E2B3E7100DC4645 /* voicemessage1_u43.png in Resources */,
				A30266521E2B3E7100DC4645 /* newvoicemessage_u49.png in Resources */,
				A30266621E2B41BF00DC4645 /* ButtonsTableViewCell.xib in Resources */,
				A30266691E2B5D2000DC4645 /* ButtonsAddTableViewCell.xib in Resources */,
				A30266561E2B3E7100DC4645 /* u145.png in Resources */,
				A30266641E2B58DE00DC4645 /* User.png in Resources */,
				A33196521E223A370083B486 /* ListTableViewCell.xib in Resources */,
				A30266811E2BB60800DC4645 /* SettingsTableViewCell.xib in Resources */,
				A33196591E227EC10083B486 /* ChatViewController.xib in Resources */,
				A30266551E2B3E7100DC4645 /* u143.png in Resources */,
				A302665C1E2B3E7100DC4645 /* u72.png in Resources */,
				5D1587111E1F65430098C8A9 /* LaunchScreen.storyboard in Resources */,
				A30266571E2B3E7100DC4645 /* u159.png in Resources */,
				A30266581E2B3E7100DC4645 /* u161.png in Resources */,
				A331964C1E222FBF0083B486 /* ListViewController.xib in Resources */,
				A302665A1E2B3E7100DC4645 /* u41.png in Resources */,
				A30266501E2B3E7100DC4645 /* menu1-1_u90.png in Resources */,
				A30266541E2B3E7100DC4645 /* u141.png in Resources */,
				5D15870E1E1F65430098C8A9 /* Assets.xcassets in Resources */,
				A30266511E2B3E7100DC4645 /* menu1-2_u92.png in Resources */,
				5D15870C1E1F65430098C8A9 /* Main.storyboard in Resources */,
			);
			runOnlyForDeploymentPostprocessing = 0;
		};
/* End PBXResourcesBuildPhase section */

/* Begin PBXShellScriptBuildPhase section */
		45EE1F7D9377A62E806844CD /* [CP] Copy Pods Resources */ = {
			isa = PBXShellScriptBuildPhase;
			buildActionMask = 2147483647;
			files = (
			);
			inputPaths = (
			);
			name = "[CP] Copy Pods Resources";
			outputPaths = (
			);
			runOnlyForDeploymentPostprocessing = 0;
			shellPath = /bin/sh;
			shellScript = "\"${SRCROOT}/Pods/Target Support Files/Pods-viocebutton/Pods-viocebutton-resources.sh\"\n";
			showEnvVarsInLog = 0;
		};
		919FB63F7D97CC340EE3BBB4 /* [CP] Check Pods Manifest.lock */ = {
			isa = PBXShellScriptBuildPhase;
			buildActionMask = 2147483647;
			files = (
			);
			inputPaths = (
			);
			name = "[CP] Check Pods Manifest.lock";
			outputPaths = (
			);
			runOnlyForDeploymentPostprocessing = 0;
			shellPath = /bin/sh;
			shellScript = "diff \"${PODS_ROOT}/../Podfile.lock\" \"${PODS_ROOT}/Manifest.lock\" > /dev/null\nif [ $? != 0 ] ; then\n    # print error to STDERR\n    echo \"error: The sandbox is not in sync with the Podfile.lock. Run 'pod install' or update your CocoaPods installation.\" >&2\n    exit 1\nfi\n";
			showEnvVarsInLog = 0;
		};
		9DDA05D10AD2009BFAFC455D /* [CP] Embed Pods Frameworks */ = {
			isa = PBXShellScriptBuildPhase;
			buildActionMask = 2147483647;
			files = (
			);
			inputPaths = (
			);
			name = "[CP] Embed Pods Frameworks";
			outputPaths = (
			);
			runOnlyForDeploymentPostprocessing = 0;
			shellPath = /bin/sh;
			shellScript = "\"${SRCROOT}/Pods/Target Support Files/Pods-viocebutton/Pods-viocebutton-frameworks.sh\"\n";
			showEnvVarsInLog = 0;
		};
/* End PBXShellScriptBuildPhase section */

/* Begin PBXSourcesBuildPhase section */
		5D1586FA1E1F65430098C8A9 /* Sources */ = {
			isa = PBXSourcesBuildPhase;
			buildActionMask = 2147483647;
			files = (
				A30266311E2B27B100DC4645 /* VBSocketSDK.m in Sources */,
				A331963D1E21F9550083B486 /* ZZNAlterView.m in Sources */,
				A302662F1E2B27B100DC4645 /* VBBlueToothManager.m in Sources */,
				A30266611E2B41BF00DC4645 /* ButtonsTableViewCell.m in Sources */,
				5D6BE2991E21D71E00A1F2B8 /* UIImage+Fit.m in Sources */,
				A331964B1E222FBF0083B486 /* ListViewController.m in Sources */,
				A331963E1E21F9550083B486 /* ZZNUIManager.m in Sources */,
				5D6BE2921E21D71E00A1F2B8 /* CALayer+Ex.m in Sources */,
				A33196471E2219000083B486 /* RegisterViewController.m in Sources */,
				A30266801E2BB60800DC4645 /* SettingsTableViewCell.m in Sources */,
				5D1587091E1F65430098C8A9 /* ViewController.m in Sources */,
				5D6BE2971E21D71E00A1F2B8 /* UIColor+Helper.m in Sources */,
				5D1587061E1F65430098C8A9 /* AppDelegate.m in Sources */,
				A30266001E25380E00DC4645 /* UIImage+WZ.m in Sources */,
				A30266391E2B2C3700DC4645 /* ButtonsViewController.m in Sources */,
				5D6BE2961E21D71E00A1F2B8 /* NSString+YYAdd.m in Sources */,
				A33196361E21F83E0083B486 /* LoginViewController.m in Sources */,
				A33196511E223A370083B486 /* ListTableViewCell.m in Sources */,
				A33196441E220C9C0083B486 /* UIButton+UnderLine.m in Sources */,
				A302666E1E2B646D00DC4645 /* AddNewGuideViewController.m in Sources */,
				A30265FF1E25380E00DC4645 /* UIColor+Random.m in Sources */,
				A30266351E2B28F500DC4645 /* VoiceTabBarViewController.m in Sources */,
				A33196581E227EC10083B486 /* ChatViewController.m in Sources */,
				A30266681E2B5D2000DC4645 /* ButtonsAddTableViewCell.m in Sources */,
				A30266321E2B27B100DC4645 /* VBSocketService.m in Sources */,
				5D6BE29A1E21D71E00A1F2B8 /* UIView+YYAdd.m in Sources */,
				5D1587031E1F65430098C8A9 /* main.m in Sources */,
				5D6BE2951E21D71E00A1F2B8 /* NSObject+Extension.m in Sources */,
				A30266301E2B27B100DC4645 /* VBScoketManager.m in Sources */,
				A302663C1E2B2C4D00DC4645 /* SettingsViewController.m in Sources */,
				5D6BE2941E21D71E00A1F2B8 /* NSNumber+YYAdd.m in Sources */,
				5D6BE2981E21D71E00A1F2B8 /* UIDevice+YYAdd.m in Sources */,
				5D6BE27B1E21D58300A1F2B8 /* UIViewController+UE.m in Sources */,
				A33196621E2280A70083B486 /* ChatTableViewCell.m in Sources */,
				5D6BE29B1E21D71E00A1F2B8 /* UIViewExt.m in Sources */,
			);
			runOnlyForDeploymentPostprocessing = 0;
		};
/* End PBXSourcesBuildPhase section */

/* Begin PBXVariantGroup section */
		5D15870A1E1F65430098C8A9 /* Main.storyboard */ = {
			isa = PBXVariantGroup;
			children = (
				5D15870B1E1F65430098C8A9 /* Base */,
			);
			name = Main.storyboard;
			sourceTree = "<group>";
		};
		5D15870F1E1F65430098C8A9 /* LaunchScreen.storyboard */ = {
			isa = PBXVariantGroup;
			children = (
				5D1587101E1F65430098C8A9 /* Base */,
			);
			name = LaunchScreen.storyboard;
			sourceTree = "<group>";
		};
/* End PBXVariantGroup section */

/* Begin XCBuildConfiguration section */
		5D1587131E1F65430098C8A9 /* Debug */ = {
			isa = XCBuildConfiguration;
			buildSettings = {
				ALWAYS_SEARCH_USER_PATHS = NO;
				CLANG_ANALYZER_NONNULL = YES;
				CLANG_CXX_LANGUAGE_STANDARD = "gnu++0x";
				CLANG_CXX_LIBRARY = "libc++";
				CLANG_ENABLE_MODULES = YES;
				CLANG_ENABLE_OBJC_ARC = YES;
				CLANG_WARN_BOOL_CONVERSION = YES;
				CLANG_WARN_CONSTANT_CONVERSION = YES;
				CLANG_WARN_DIRECT_OBJC_ISA_USAGE = YES_ERROR;
				CLANG_WARN_DOCUMENTATION_COMMENTS = YES;
				CLANG_WARN_EMPTY_BODY = YES;
				CLANG_WARN_ENUM_CONVERSION = YES;
				CLANG_WARN_INFINITE_RECURSION = YES;
				CLANG_WARN_INT_CONVERSION = YES;
				CLANG_WARN_OBJC_ROOT_CLASS = YES_ERROR;
				CLANG_WARN_SUSPICIOUS_MOVES = YES;
				CLANG_WARN_UNREACHABLE_CODE = YES;
				CLANG_WARN__DUPLICATE_METHOD_MATCH = YES;
				"CODE_SIGN_IDENTITY[sdk=iphoneos*]" = "iPhone Developer";
				COPY_PHASE_STRIP = NO;
				DEBUG_INFORMATION_FORMAT = dwarf;
				ENABLE_STRICT_OBJC_MSGSEND = YES;
				ENABLE_TESTABILITY = YES;
				GCC_C_LANGUAGE_STANDARD = gnu99;
				GCC_DYNAMIC_NO_PIC = NO;
				GCC_NO_COMMON_BLOCKS = YES;
				GCC_OPTIMIZATION_LEVEL = 0;
				GCC_PREPROCESSOR_DEFINITIONS = (
					"DEBUG=1",
					"$(inherited)",
				);
				GCC_WARN_64_TO_32_BIT_CONVERSION = YES;
				GCC_WARN_ABOUT_RETURN_TYPE = YES_ERROR;
				GCC_WARN_UNDECLARED_SELECTOR = YES;
				GCC_WARN_UNINITIALIZED_AUTOS = YES_AGGRESSIVE;
				GCC_WARN_UNUSED_FUNCTION = YES;
				GCC_WARN_UNUSED_VARIABLE = YES;
				IPHONEOS_DEPLOYMENT_TARGET = 10.1;
				MTL_ENABLE_DEBUG_INFO = YES;
				ONLY_ACTIVE_ARCH = YES;
				SDKROOT = iphoneos;
				TARGETED_DEVICE_FAMILY = "1,2";
			};
			name = Debug;
		};
		5D1587141E1F65430098C8A9 /* Release */ = {
			isa = XCBuildConfiguration;
			buildSettings = {
				ALWAYS_SEARCH_USER_PATHS = NO;
				CLANG_ANALYZER_NONNULL = YES;
				CLANG_CXX_LANGUAGE_STANDARD = "gnu++0x";
				CLANG_CXX_LIBRARY = "libc++";
				CLANG_ENABLE_MODULES = YES;
				CLANG_ENABLE_OBJC_ARC = YES;
				CLANG_WARN_BOOL_CONVERSION = YES;
				CLANG_WARN_CONSTANT_CONVERSION = YES;
				CLANG_WARN_DIRECT_OBJC_ISA_USAGE = YES_ERROR;
				CLANG_WARN_DOCUMENTATION_COMMENTS = YES;
				CLANG_WARN_EMPTY_BODY = YES;
				CLANG_WARN_ENUM_CONVERSION = YES;
				CLANG_WARN_INFINITE_RECURSION = YES;
				CLANG_WARN_INT_CONVERSION = YES;
				CLANG_WARN_OBJC_ROOT_CLASS = YES_ERROR;
				CLANG_WARN_SUSPICIOUS_MOVES = YES;
				CLANG_WARN_UNREACHABLE_CODE = YES;
				CLANG_WARN__DUPLICATE_METHOD_MATCH = YES;
				"CODE_SIGN_IDENTITY[sdk=iphoneos*]" = "iPhone Developer";
				COPY_PHASE_STRIP = NO;
				DEBUG_INFORMATION_FORMAT = "dwarf-with-dsym";
				ENABLE_NS_ASSERTIONS = NO;
				ENABLE_STRICT_OBJC_MSGSEND = YES;
				GCC_C_LANGUAGE_STANDARD = gnu99;
				GCC_NO_COMMON_BLOCKS = YES;
				GCC_WARN_64_TO_32_BIT_CONVERSION = YES;
				GCC_WARN_ABOUT_RETURN_TYPE = YES_ERROR;
				GCC_WARN_UNDECLARED_SELECTOR = YES;
				GCC_WARN_UNINITIALIZED_AUTOS = YES_AGGRESSIVE;
				GCC_WARN_UNUSED_FUNCTION = YES;
				GCC_WARN_UNUSED_VARIABLE = YES;
				IPHONEOS_DEPLOYMENT_TARGET = 10.1;
				MTL_ENABLE_DEBUG_INFO = NO;
				SDKROOT = iphoneos;
				TARGETED_DEVICE_FAMILY = "1,2";
				VALIDATE_PRODUCT = YES;
			};
			name = Release;
		};
		5D1587161E1F65430098C8A9 /* Debug */ = {
			isa = XCBuildConfiguration;
			baseConfigurationReference = 7DE7D66EC674F559983CB750 /* Pods-viocebutton.debug.xcconfig */;
			buildSettings = {
				ASSETCATALOG_COMPILER_APPICON_NAME = AppIcon;
				"CODE_SIGN_IDENTITY[sdk=iphoneos*]" = "iPhone Distribution";
				DEVELOPMENT_TEAM = YS5EJK97LA;
				GCC_PRECOMPILE_PREFIX_HEADER = YES;
				GCC_PREFIX_HEADER = viocebutton/PrefixHeader.pch;
				INFOPLIST_FILE = viocebutton/Info.plist;
				IPHONEOS_DEPLOYMENT_TARGET = 8.2;
				LD_RUNPATH_SEARCH_PATHS = "$(inherited) @executable_path/Frameworks";
				PRODUCT_BUNDLE_IDENTIFIER = com.detu.detucameraEnterPrise;
				PRODUCT_NAME = "$(TARGET_NAME)";
				PROVISIONING_PROFILE = "1423efd3-dcd2-4027-96d1-1dd2064339ce";
				PROVISIONING_PROFILE_SPECIFIER = "XC: com.detu.detucameraEnterPrise";
			};
			name = Debug;
		};
		5D1587171E1F65430098C8A9 /* Release */ = {
			isa = XCBuildConfiguration;
			baseConfigurationReference = 79093715A63793D6F1C615A2 /* Pods-viocebutton.release.xcconfig */;
			buildSettings = {
				ASSETCATALOG_COMPILER_APPICON_NAME = AppIcon;
				"CODE_SIGN_IDENTITY[sdk=iphoneos*]" = "iPhone Distribution";
				DEVELOPMENT_TEAM = YS5EJK97LA;
				GCC_PRECOMPILE_PREFIX_HEADER = YES;
				GCC_PREFIX_HEADER = viocebutton/PrefixHeader.pch;
				INFOPLIST_FILE = viocebutton/Info.plist;
				IPHONEOS_DEPLOYMENT_TARGET = 8.2;
				LD_RUNPATH_SEARCH_PATHS = "$(inherited) @executable_path/Frameworks";
				PRODUCT_BUNDLE_IDENTIFIER = com.detu.detucameraEnterPrise;
				PRODUCT_NAME = "$(TARGET_NAME)";
				PROVISIONING_PROFILE = "1423efd3-dcd2-4027-96d1-1dd2064339ce";
				PROVISIONING_PROFILE_SPECIFIER = "XC: com.detu.detucameraEnterPrise";
			};
			name = Release;
		};
/* End XCBuildConfiguration section */

/* Begin XCConfigurationList section */
		5D1586F91E1F65430098C8A9 /* Build configuration list for PBXProject "viocebutton" */ = {
			isa = XCConfigurationList;
			buildConfigurations = (
				5D1587131E1F65430098C8A9 /* Debug */,
				5D1587141E1F65430098C8A9 /* Release */,
			);
			defaultConfigurationIsVisible = 0;
			defaultConfigurationName = Release;
		};
		5D1587151E1F65430098C8A9 /* Build configuration list for PBXNativeTarget "viocebutton" */ = {
			isa = XCConfigurationList;
			buildConfigurations = (
				5D1587161E1F65430098C8A9 /* Debug */,
				5D1587171E1F65430098C8A9 /* Release */,
			);
			defaultConfigurationIsVisible = 0;
			defaultConfigurationName = Release;
		};
/* End XCConfigurationList section */
	};
	rootObject = 5D1586F61E1F65430098C8A9 /* Project object */;
}
